// !$*UTF8*$!
{
	archiveVersion = 1;
	classes = {
	};
	objectVersion = 46;
	objects = {

/* Begin PBXBuildFile section */
		8D5B5FC5892EFDB61AD4E72B /* Pods_DevUppLogin.framework in Frameworks */ = {isa = PBXBuildFile; fileRef = 6277BB21BDE1016F0291B76B /* Pods_DevUppLogin.framework */; };
		EC3AA7141E41201B0063DB69 /* AppDelegate.swift in Sources */ = {isa = PBXBuildFile; fileRef = EC3AA7131E41201B0063DB69 /* AppDelegate.swift */; };
		EC3AA7161E41201B0063DB69 /* ViewController.swift in Sources */ = {isa = PBXBuildFile; fileRef = EC3AA7151E41201B0063DB69 /* ViewController.swift */; };
		EC3AA7191E41201B0063DB69 /* Main.storyboard in Resources */ = {isa = PBXBuildFile; fileRef = EC3AA7171E41201B0063DB69 /* Main.storyboard */; };
		EC3AA71B1E41201B0063DB69 /* Assets.xcassets in Resources */ = {isa = PBXBuildFile; fileRef = EC3AA71A1E41201B0063DB69 /* Assets.xcassets */; };
		EC3AA71E1E41201B0063DB69 /* LaunchScreen.storyboard in Resources */ = {isa = PBXBuildFile; fileRef = EC3AA71C1E41201B0063DB69 /* LaunchScreen.storyboard */; };
/* End PBXBuildFile section */

/* Begin PBXFileReference section */
		3CCE9D4957D329AF95055AFD /* Pods-DevUppLogin.debug.xcconfig */ = {isa = PBXFileReference; includeInIndex = 1; lastKnownFileType = text.xcconfig; name = "Pods-DevUppLogin.debug.xcconfig"; path = "Pods/Target Support Files/Pods-DevUppLogin/Pods-DevUppLogin.debug.xcconfig"; sourceTree = "<group>"; };
		544BBA7426028895BD7C3C8C /* Pods-DevUppLogin.release.xcconfig */ = {isa = PBXFileReference; includeInIndex = 1; lastKnownFileType = text.xcconfig; name = "Pods-DevUppLogin.release.xcconfig"; path = "Pods/Target Support Files/Pods-DevUppLogin/Pods-DevUppLogin.release.xcconfig"; sourceTree = "<group>"; };
		6277BB21BDE1016F0291B76B /* Pods_DevUppLogin.framework */ = {isa = PBXFileReference; explicitFileType = wrapper.framework; includeInIndex = 0; path = Pods_DevUppLogin.framework; sourceTree = BUILT_PRODUCTS_DIR; };
		EC3AA7101E41201B0063DB69 /* DevUppLogin.app */ = {isa = PBXFileReference; explicitFileType = wrapper.application; includeInIndex = 0; path = DevUppLogin.app; sourceTree = BUILT_PRODUCTS_DIR; };
		EC3AA7131E41201B0063DB69 /* AppDelegate.swift */ = {isa = PBXFileReference; lastKnownFileType = sourcecode.swift; path = AppDelegate.swift; sourceTree = "<group>"; };
		EC3AA7151E41201B0063DB69 /* ViewController.swift */ = {isa = PBXFileReference; lastKnownFileType = sourcecode.swift; path = ViewController.swift; sourceTree = "<group>"; };
		EC3AA7181E41201B0063DB69 /* Base */ = {isa = PBXFileReference; lastKnownFileType = file.storyboard; name = Base; path = Base.lproj/Main.storyboard; sourceTree = "<group>"; };
		EC3AA71A1E41201B0063DB69 /* Assets.xcassets */ = {isa = PBXFileReference; lastKnownFileType = folder.assetcatalog; path = Assets.xcassets; sourceTree = "<group>"; };
		EC3AA71D1E41201B0063DB69 /* Base */ = {isa = PBXFileReference; lastKnownFileType = file.storyboard; name = Base; path = Base.lproj/LaunchScreen.storyboard; sourceTree = "<group>"; };
		EC3AA71F1E41201B0063DB69 /* Info.plist */ = {isa = PBXFileReference; lastKnownFileType = text.plist.xml; path = Info.plist; sourceTree = "<group>"; };
/* End PBXFileReference section */

/* Begin PBXFrameworksBuildPhase section */
		EC3AA70D1E41201B0063DB69 /* Frameworks */ = {
			isa = PBXFrameworksBuildPhase;
			buildActionMask = 2147483647;
			files = (
				8D5B5FC5892EFDB61AD4E72B /* Pods_DevUppLogin.framework in Frameworks */,
			);
			runOnlyForDeploymentPostprocessing = 0;
		};
/* End PBXFrameworksBuildPhase section */

/* Begin PBXGroup section */
		561C69715BCAC721DF7F679A /* Pods */ = {
			isa = PBXGroup;
			children = (
				3CCE9D4957D329AF95055AFD /* Pods-DevUppLogin.debug.xcconfig */,
				544BBA7426028895BD7C3C8C /* Pods-DevUppLogin.release.xcconfig */,
			);
			name = Pods;
			sourceTree = "<group>";
		};
		7D5F842B3A398EB32C471E24 /* Frameworks */ = {
			isa = PBXGroup;
			children = (
				6277BB21BDE1016F0291B76B /* Pods_DevUppLogin.framework */,
			);
			name = Frameworks;
			sourceTree = "<group>";
		};
		EC3AA7071E41201A0063DB69 = {
			isa = PBXGroup;
			children = (
				EC3AA7121E41201B0063DB69 /* DevUppLogin */,
				EC3AA7111E41201B0063DB69 /* Products */,
				561C69715BCAC721DF7F679A /* Pods */,
				7D5F842B3A398EB32C471E24 /* Frameworks */,
			);
			sourceTree = "<group>";
		};
		EC3AA7111E41201B0063DB69 /* Products */ = {
			isa = PBXGroup;
			children = (
				EC3AA7101E41201B0063DB69 /* DevUppLogin.app */,
			);
			name = Products;
			sourceTree = "<group>";
		};
		EC3AA7121E41201B0063DB69 /* DevUppLogin */ = {
			isa = PBXGroup;
			children = (
				EC3AA7131E41201B0063DB69 /* AppDelegate.swift */,
				EC3AA7151E41201B0063DB69 /* ViewController.swift */,
				EC3AA7171E41201B0063DB69 /* Main.storyboard */,
				EC3AA71A1E41201B0063DB69 /* Assets.xcassets */,
				EC3AA71C1E41201B0063DB69 /* LaunchScreen.storyboard */,
				EC3AA71F1E41201B0063DB69 /* Info.plist */,
			);
			path = DevUppLogin;
			sourceTree = "<group>";
		};
/* End PBXGroup section */

/* Begin PBXNativeTarget section */
		EC3AA70F1E41201B0063DB69 /* DevUppLogin */ = {
			isa = PBXNativeTarget;
			buildConfigurationList = EC3AA7221E41201B0063DB69 /* Build configuration list for PBXNativeTarget "DevUppLogin" */;
			buildPhases = (
				A790F5DB115D51546B0E78E5 /* 📦 Check Pods Manifest.lock */,
				EC3AA70C1E41201B0063DB69 /* Sources */,
				EC3AA70D1E41201B0063DB69 /* Frameworks */,
				EC3AA70E1E41201B0063DB69 /* Resources */,
				BEC4FB9BEAB450C8DC6F87AF /* 📦 Embed Pods Frameworks */,
				28BA253D42D4B85DBC436C20 /* 📦 Copy Pods Resources */,
			);
			buildRules = (
			);
			dependencies = (
			);
			name = DevUppLogin;
			productName = DevUppLogin;
			productReference = EC3AA7101E41201B0063DB69 /* DevUppLogin.app */;
			productType = "com.apple.product-type.application";
		};
/* End PBXNativeTarget section */

/* Begin PBXProject section */
		EC3AA7081E41201A0063DB69 /* Project object */ = {
			isa = PBXProject;
			attributes = {
				LastSwiftUpdateCheck = 0800;
				LastUpgradeCheck = 0800;
				ORGANIZATIONNAME = DevUpp;
				TargetAttributes = {
					EC3AA70F1E41201B0063DB69 = {
						CreatedOnToolsVersion = 8.0;
						ProvisioningStyle = Automatic;
					};
				};
			};
			buildConfigurationList = EC3AA70B1E41201B0063DB69 /* Build configuration list for PBXProject "DevUppLogin" */;
			compatibilityVersion = "Xcode 3.2";
			developmentRegion = English;
			hasScannedForEncodings = 0;
			knownRegions = (
				en,
				Base,
			);
			mainGroup = EC3AA7071E41201A0063DB69;
			productRefGroup = EC3AA7111E41201B0063DB69 /* Products */;
			projectDirPath = "";
			projectRoot = "";
			targets = (
				EC3AA70F1E41201B0063DB69 /* DevUppLogin */,
			);
		};
/* End PBXProject section */

/* Begin PBXResourcesBuildPhase section */
		EC3AA70E1E41201B0063DB69 /* Resources */ = {
			isa = PBXResourcesBuildPhase;
			buildActionMask = 2147483647;
			files = (
				EC3AA71E1E41201B0063DB69 /* LaunchScreen.storyboard in Resources */,
				EC3AA71B1E41201B0063DB69 /* Assets.xcassets in Resources */,
				EC3AA7191E41201B0063DB69 /* Main.storyboard in Resources */,
			);
			runOnlyForDeploymentPostprocessing = 0;
		};
/* End PBXResourcesBuildPhase section */

/* Begin PBXShellScriptBuildPhase section */
		28BA253D42D4B85DBC436C20 /* 📦 Copy Pods Resources */ = {
			isa = PBXShellScriptBuildPhase;
			buildActionMask = 2147483647;
			files = (
			);
			inputPaths = (
			);
			name = "📦 Copy Pods Resources";
			outputPaths = (
			);
			runOnlyForDeploymentPostprocessing = 0;
			shellPath = /bin/sh;
			shellScript = "\"${SRCROOT}/Pods/Target Support Files/Pods-DevUppLogin/Pods-DevUppLogin-resources.sh\"\n";
			showEnvVarsInLog = 0;
		};
		A790F5DB115D51546B0E78E5 /* 📦 Check Pods Manifest.lock */ = {
			isa = PBXShellScriptBuildPhase;
			buildActionMask = 2147483647;
			files = (
			);
			inputPaths = (
			);
			name = "📦 Check Pods Manifest.lock";
			outputPaths = (
			);
			runOnlyForDeploymentPostprocessing = 0;
			shellPath = /bin/sh;
			shellScript = "diff \"${PODS_ROOT}/../Podfile.lock\" \"${PODS_ROOT}/Manifest.lock\" > /dev/null\nif [[ $? != 0 ]] ; then\n    cat << EOM\nerror: The sandbox is not in sync with the Podfile.lock. Run \'pod install\' or update your CocoaPods installation.\nEOM\n    exit 1\nfi\n";
			showEnvVarsInLog = 0;
		};
		BEC4FB9BEAB450C8DC6F87AF /* 📦 Embed Pods Frameworks */ = {
			isa = PBXShellScriptBuildPhase;
			buildActionMask = 2147483647;
			files = (
			);
			inputPaths = (
			);
			name = "📦 Embed Pods Frameworks";
			outputPaths = (
			);
			runOnlyForDeploymentPostprocessing = 0;
			shellPath = /bin/sh;
			shellScript = "\"${SRCROOT}/Pods/Target Support Files/Pods-DevUppLogin/Pods-DevUppLogin-frameworks.sh\"\n";
			showEnvVarsInLog = 0;
		};
/* End PBXShellScriptBuildPhase section */

/* Begin PBXSourcesBuildPhase section */
		EC3AA70C1E41201B0063DB69 /* Sources */ = {
			isa = PBXSourcesBuildPhase;
			buildActionMask = 2147483647;
			files = (
				EC3AA7161E41201B0063DB69 /* ViewController.swift in Sources */,
				EC3AA7141E41201B0063DB69 /* AppDelegate.swift in Sources */,
			);
			runOnlyForDeploymentPostprocessing = 0;
		};
/* End PBXSourcesBuildPhase section */

/* Begin PBXVariantGroup section */
		EC3AA7171E41201B0063DB69 /* Main.storyboard */ = {
			isa = PBXVariantGroup;
			children = (
				EC3AA7181E41201B0063DB69 /* Base */,
			);
			name = Main.storyboard;
			sourceTree = "<group>";
		};
		EC3AA71C1E41201B0063DB69 /* LaunchScreen.storyboard */ = {
			isa = PBXVariantGroup;
			children = (
				EC3AA71D1E41201B0063DB69 /* Base */,
			);
			name = LaunchScreen.storyboard;
			sourceTree = "<group>";
		};
/* End PBXVariantGroup section */

/* Begin XCBuildConfiguration section */
		EC3AA7201E41201B0063DB69 /* Debug */ = {
			isa = XCBuildConfiguration;
			buildSettings = {
				ALWAYS_SEARCH_USER_PATHS = NO;
				CLANG_ANALYZER_NONNULL = YES;
				CLANG_CXX_LANGUAGE_STANDARD = "gnu++0x";
				CLANG_CXX_LIBRARY = "libc++";
				CLANG_ENABLE_MODULES = YES;
				CLANG_ENABLE_OBJC_ARC = YES;
				CLANG_WARN_BOOL_CONVERSION = YES;
				CLANG_WARN_CONSTANT_CONVERSION = YES;
				CLANG_WARN_DIRECT_OBJC_ISA_USAGE = YES_ERROR;
				CLANG_WARN_DOCUMENTATION_COMMENTS = YES;
				CLANG_WARN_EMPTY_BODY = YES;
				CLANG_WARN_ENUM_CONVERSION = YES;
				CLANG_WARN_INFINITE_RECURSION = YES;
				CLANG_WARN_INT_CONVERSION = YES;
				CLANG_WARN_OBJC_ROOT_CLASS = YES_ERROR;
				CLANG_WARN_SUSPICIOUS_MOVES = YES;
				CLANG_WARN_UNREACHABLE_CODE = YES;
				CLANG_WARN__DUPLICATE_METHOD_MATCH = YES;
				"CODE_SIGN_IDENTITY[sdk=iphoneos*]" = "iPhone Developer";
				COPY_PHASE_STRIP = NO;
				DEBUG_INFORMATION_FORMAT = dwarf;
				ENABLE_STRICT_OBJC_MSGSEND = YES;
				ENABLE_TESTABILITY = YES;
				GCC_C_LANGUAGE_STANDARD = gnu99;
				GCC_DYNAMIC_NO_PIC = NO;
				GCC_NO_COMMON_BLOCKS = YES;
				GCC_OPTIMIZATION_LEVEL = 0;
				GCC_PREPROCESSOR_DEFINITIONS = (
					"DEBUG=1",
					"$(inherited)",
				);
				GCC_WARN_64_TO_32_BIT_CONVERSION = YES;
				GCC_WARN_ABOUT_RETURN_TYPE = YES_ERROR;
				GCC_WARN_UNDECLARED_SELECTOR = YES;
				GCC_WARN_UNINITIALIZED_AUTOS = YES_AGGRESSIVE;
				GCC_WARN_UNUSED_FUNCTION = YES;
				GCC_WARN_UNUSED_VARIABLE = YES;
				IPHONEOS_DEPLOYMENT_TARGET = 10.0;
				MTL_ENABLE_DEBUG_INFO = YES;
				ONLY_ACTIVE_ARCH = YES;
				SDKROOT = iphoneos;
				SWIFT_ACTIVE_COMPILATION_CONDITIONS = DEBUG;
				SWIFT_OPTIMIZATION_LEVEL = "-Onone";
				TARGETED_DEVICE_FAMILY = "1,2";
			};
			name = Debug;
		};
		EC3AA7211E41201B0063DB69 /* Release */ = {
			isa = XCBuildConfiguration;
			buildSettings = {
				ALWAYS_SEARCH_USER_PATHS = NO;
				CLANG_ANALYZER_NONNULL = YES;
				CLANG_CXX_LANGUAGE_STANDARD = "gnu++0x";
				CLANG_CXX_LIBRARY = "libc++";
				CLANG_ENABLE_MODULES = YES;
				CLANG_ENABLE_OBJC_ARC = YES;
				CLANG_WARN_BOOL_CONVERSION = YES;
				CLANG_WARN_CONSTANT_CONVERSION = YES;
				CLANG_WARN_DIRECT_OBJC_ISA_USAGE = YES_ERROR;
				CLANG_WARN_DOCUMENTATION_COMMENTS = YES;
				CLANG_WARN_EMPTY_BODY = YES;
				CLANG_WARN_ENUM_CONVERSION = YES;
				CLANG_WARN_INFINITE_RECURSION = YES;
				CLANG_WARN_INT_CONVERSION = YES;
				CLANG_WARN_OBJC_ROOT_CLASS = YES_ERROR;
				CLANG_WARN_SUSPICIOUS_MOVES = YES;
				CLANG_WARN_UNREACHABLE_CODE = YES;
				CLANG_WARN__DUPLICATE_METHOD_MATCH = YES;
				"CODE_SIGN_IDENTITY[sdk=iphoneos*]" = "iPhone Developer";
				COPY_PHASE_STRIP = NO;
				DEBUG_INFORMATION_FORMAT = "dwarf-with-dsym";
				ENABLE_NS_ASSERTIONS = NO;
				ENABLE_STRICT_OBJC_MSGSEND = YES;
				GCC_C_LANGUAGE_STANDARD = gnu99;
				GCC_NO_COMMON_BLOCKS = YES;
				GCC_WARN_64_TO_32_BIT_CONVERSION = YES;
				GCC_WARN_ABOUT_RETURN_TYPE = YES_ERROR;
				GCC_WARN_UNDECLARED_SELECTOR = YES;
				GCC_WARN_UNINITIALIZED_AUTOS = YES_AGGRESSIVE;
				GCC_WARN_UNUSED_FUNCTION = YES;
				GCC_WARN_UNUSED_VARIABLE = YES;
				IPHONEOS_DEPLOYMENT_TARGET = 10.0;
				MTL_ENABLE_DEBUG_INFO = NO;
				SDKROOT = iphoneos;
				SWIFT_OPTIMIZATION_LEVEL = "-Owholemodule";
				TARGETED_DEVICE_FAMILY = "1,2";
				VALIDATE_PRODUCT = YES;
			};
			name = Release;
		};
		EC3AA7231E41201B0063DB69 /* Debug */ = {
			isa = XCBuildConfiguration;
			baseConfigurationReference = 3CCE9D4957D329AF95055AFD /* Pods-DevUppLogin.debug.xcconfig */;
			buildSettings = {
				ASSETCATALOG_COMPILER_APPICON_NAME = AppIcon;
				INFOPLIST_FILE = DevUppLogin/Info.plist;
				LD_RUNPATH_SEARCH_PATHS = "$(inherited) @executable_path/Frameworks";
				PRODUCT_BUNDLE_IDENTIFIER = com.DevUppLogin;
				PRODUCT_NAME = "$(TARGET_NAME)";
				SWIFT_VERSION = 3.0;
			};
			name = Debug;
		};
		EC3AA7241E41201B0063DB69 /* Release */ = {
			isa = XCBuildConfiguration;
			baseConfigurationReference = 544BBA7426028895BD7C3C8C /* Pods-DevUppLogin.release.xcconfig */;
			buildSettings = {
				ASSETCATALOG_COMPILER_APPICON_NAME = AppIcon;
				INFOPLIST_FILE = DevUppLogin/Info.plist;
				LD_RUNPATH_SEARCH_PATHS = "$(inherited) @executable_path/Frameworks";
				PRODUCT_BUNDLE_IDENTIFIER = com.DevUppLogin;
				PRODUCT_NAME = "$(TARGET_NAME)";
				SWIFT_VERSION = 3.0;
			};
			name = Release;
		};
/* End XCBuildConfiguration section */

/* Begin XCConfigurationList section */
		EC3AA70B1E41201B0063DB69 /* Build configuration list for PBXProject "DevUppLogin" */ = {
			isa = XCConfigurationList;
			buildConfigurations = (
				EC3AA7201E41201B0063DB69 /* Debug */,
				EC3AA7211E41201B0063DB69 /* Release */,
			);
			defaultConfigurationIsVisible = 0;
			defaultConfigurationName = Release;
		};
		EC3AA7221E41201B0063DB69 /* Build configuration list for PBXNativeTarget "DevUppLogin" */ = {
			isa = XCConfigurationList;
			buildConfigurations = (
				EC3AA7231E41201B0063DB69 /* Debug */,
				EC3AA7241E41201B0063DB69 /* Release */,
			);
			defaultConfigurationIsVisible = 0;
		};
/* End XCConfigurationList section */
	};
	rootObject = EC3AA7081E41201A0063DB69 /* Project object */;
}
